{"filter":false,"title":"package-lock.json","tooltip":"/package-lock.json","undoManager":{"mark":-1,"position":-1,"stack":[]},"ace":{"folds":[],"scrolltop":15741,"scrollleft":0,"selection":{"start":{"row":1137,"column":5},"end":{"row":1137,"column":10},"isBackwards":false},"options":{"guessTabSize":true,"useWrapMode":false,"wrapToView":true},"firstLineState":{"row":1123,"state":"start","mode":"ace/mode/json"}},"timestamp":1527030241602,"hash":"760ac602a84b370f44cc6508ddbc0e25c6767e5f"}